
Microsoft Visual Studio Solution File, Format Version 12.00
# Visual Studio 15
VisualStudioVersion = 15.0.28307.1267
MinimumVisualStudioVersion = 10.0.40219.1
Project("{FAE04EC0-301F-11D3-BF4B-00C04F79EFBC}") = "CRUDTestWithAPI", "CRUDTestWithAPI\CRUDTestWithAPI.csproj", "{ABC254D8-B27F-4B4F-8AB2-A68BE47F8CDF}"
EndProject
Project("{FAE04EC0-301F-11D3-BF4B-00C04F79EFBC}") = "CRUDTestWithWebAPIView", "CRUDTestWithWebAPIView\CRUDTestWithWebAPIView.csproj", "{8863F8B5-C5B6-4FEF-B8B0-3F468FC21951}"
EndProject
Project("{FAE04EC0-301F-11D3-BF4B-00C04F79EFBC}") = "CommonClasses", "CommonClasses\CommonClasses.csproj", "{642D49FA-E285-433D-A243-AE072AEE54E0}"
EndProject
Global
	GlobalSection(SolutionConfigurationPlatforms) = preSolution
		Debug|Any CPU = Debug|Any CPU
		Release|Any CPU = Release|Any CPU
	EndGlobalSection
	GlobalSection(ProjectConfigurationPlatforms) = postSolution
		{ABC254D8-B27F-4B4F-8AB2-A68BE47F8CDF}.Debug|Any CPU.ActiveCfg = Debug|Any CPU
		{ABC254D8-B27F-4B4F-8AB2-A68BE47F8CDF}.Debug|Any CPU.Build.0 = Debug|Any CPU
		{ABC254D8-B27F-4B4F-8AB2-A68BE47F8CDF}.Release|Any CPU.ActiveCfg = Release|Any CPU
		{ABC254D8-B27F-4B4F-8AB2-A68BE47F8CDF}.Release|Any CPU.Build.0 = Release|Any CPU
		{8863F8B5-C5B6-4FEF-B8B0-3F468FC21951}.Debug|Any CPU.ActiveCfg = Debug|Any CPU
		{8863F8B5-C5B6-4FEF-B8B0-3F468FC21951}.Debug|Any CPU.Build.0 = Debug|Any CPU
		{8863F8B5-C5B6-4FEF-B8B0-3F468FC21951}.Release|Any CPU.ActiveCfg = Release|Any CPU
		{8863F8B5-C5B6-4FEF-B8B0-3F468FC21951}.Release|Any CPU.Build.0 = Release|Any CPU
		{642D49FA-E285-433D-A243-AE072AEE54E0}.Debug|Any CPU.ActiveCfg = Debug|Any CPU
		{642D49FA-E285-433D-A243-AE072AEE54E0}.Debug|Any CPU.Build.0 = Debug|Any CPU
		{642D49FA-E285-433D-A243-AE072AEE54E0}.Release|Any CPU.ActiveCfg = Release|Any CPU
		{642D49FA-E285-433D-A243-AE072AEE54E0}.Release|Any CPU.Build.0 = Release|Any CPU
	EndGlobalSection
	GlobalSection(SolutionProperties) = preSolution
		HideSolutionNode = FALSE
	EndGlobalSection
	GlobalSection(ExtensibilityGlobals) = postSolution
		SolutionGuid = {06C2A437-3605-4191-A89D-730008DDEB36}
	EndGlobalSection
EndGlobal
